
Microsoft Visual Studio Solution File, Format Version 12.00
# Visual Studio Version 16
VisualStudioVersion = 16.0.31105.61
MinimumVisualStudioVersion = 10.0.40219.1
Project("{FAE04EC0-301F-11D3-BF4B-00C04F79EFBC}") = "WSVentas_3", "WSVentas_3.csproj", "{FA0EADE5-3DAF-4154-9BB6-96F8695C932A}"
EndProject
Global
	GlobalSection(SolutionConfigurationPlatforms) = preSolution
		Debug|Any CPU = Debug|Any CPU
		Release|Any CPU = Release|Any CPU
	EndGlobalSection
	GlobalSection(ProjectConfigurationPlatforms) = postSolution
		{FA0EADE5-3DAF-4154-9BB6-96F8695C932A}.Debug|Any CPU.ActiveCfg = Debug|Any CPU
		{FA0EADE5-3DAF-4154-9BB6-96F8695C932A}.Debug|Any CPU.Build.0 = Debug|Any CPU
		{FA0EADE5-3DAF-4154-9BB6-96F8695C932A}.Release|Any CPU.ActiveCfg = Release|Any CPU
		{FA0EADE5-3DAF-4154-9BB6-96F8695C932A}.Release|Any CPU.Build.0 = Release|Any CPU
	EndGlobalSection
	GlobalSection(SolutionProperties) = preSolution
		HideSolutionNode = FALSE
	EndGlobalSection
	GlobalSection(ExtensibilityGlobals) = postSolution
		SolutionGuid = {1F90CB2B-443E-4424-ACCB-FCF8EF1AA24E}
	EndGlobalSection
EndGlobal
